{
  "version": "2",
  "remote": {
    "https://deno.land/std@0.175.0/_util/asserts.ts": "178dfc49a464aee693a7e285567b3d0b555dc805ff490505a8aae34f9cfb1462",
    "https://deno.land/std@0.175.0/_util/os.ts": "d932f56d41e4f6a6093d56044e29ce637f8dcc43c5a90af43504a889cf1775e3",
    "https://deno.land/std@0.175.0/async/abortable.ts": "73acfb3ed7261ce0d930dbe89e43db8d34e017b063cf0eaa7d215477bf53442e",
    "https://deno.land/std@0.175.0/async/deadline.ts": "b98e50d2c42399af03ad13bbb8cf59dadb9f0cd5d70648cc0c3b9202d75ab565",
    "https://deno.land/std@0.175.0/async/debounce.ts": "adab11d04ca38d699444ac8a9d9856b4155e8dda2afd07ce78276c01ea5a4332",
    "https://deno.land/std@0.175.0/async/deferred.ts": "42790112f36a75a57db4a96d33974a936deb7b04d25c6084a9fa8a49f135def8",
    "https://deno.land/std@0.175.0/async/delay.ts": "73aa04cec034c84fc748c7be49bb15cac3dd43a57174bfdb7a4aec22c248f0dd",
    "https://deno.land/std@0.175.0/async/mod.ts": "f04344fa21738e5ad6bea37a6bfffd57c617c2d372bb9f9dcfd118a1b622e576",
    "https://deno.land/std@0.175.0/async/mux_async_iterator.ts": "70c7f2ee4e9466161350473ad61cac0b9f115cff4c552eaa7ef9d50c4cbb4cc9",
    "https://deno.land/std@0.175.0/async/pool.ts": "fd082bd4aaf26445909889435a5c74334c017847842ec035739b4ae637ae8260",
    "https://deno.land/std@0.175.0/async/retry.ts": "5efa3ba450ac0c07a40a82e2df296287b5013755d232049efd7ea2244f15b20f",
    "https://deno.land/std@0.175.0/async/tee.ts": "47e42d35f622650b02234d43803d0383a89eb4387e1b83b5a40106d18ae36757",
    "https://deno.land/std@0.175.0/bytes/bytes_list.ts": "b4cbdfd2c263a13e8a904b12d082f6177ea97d9297274a4be134e989450dfa6a",
    "https://deno.land/std@0.175.0/bytes/concat.ts": "d26d6f3d7922e6d663dacfcd357563b7bf4a380ce5b9c2bbe0c8586662f25ce2",
    "https://deno.land/std@0.175.0/bytes/copy.ts": "939d89e302a9761dcf1d9c937c7711174ed74c59eef40a1e4569a05c9de88219",
    "https://deno.land/std@0.175.0/bytes/ends_with.ts": "4228811ebc71615d27f065c54b5e815ec1972538772b0f413c0efe05245b472e",
    "https://deno.land/std@0.175.0/bytes/equals.ts": "b87494ce5442dc786db46f91378100028c402f83a14a2f7bbff6bda7810aefe3",
    "https://deno.land/std@0.175.0/bytes/includes_needle.ts": "76a8163126fb2f8bf86fd7f22192c3bb04bf6a20b987a095127c2ca08adf3ba6",
    "https://deno.land/std@0.175.0/bytes/index_of_needle.ts": "65c939607df609374c4415598fa4dad04a2f14c4d98cd15775216f0aaf597f24",
    "https://deno.land/std@0.175.0/bytes/last_index_of_needle.ts": "7181072883cb4908c6ce8f7a5bb1d96787eef2c2ab3aa94fe4268ab326a53cbf",
    "https://deno.land/std@0.175.0/bytes/mod.ts": "e869bba1e7a2e3a9cc6c2d55471888429a544e70a840c087672e656e7ba21815",
    "https://deno.land/std@0.175.0/bytes/repeat.ts": "6f5e490d8d72bcbf8d84a6bb04690b9b3eb5822c5a11687bca73a2318a842294",
    "https://deno.land/std@0.175.0/bytes/starts_with.ts": "3e607a70c9c09f5140b7a7f17a695221abcc7244d20af3eb47ccbb63f5885135",
    "https://deno.land/std@0.175.0/encoding/base64.ts": "7de04c2f8aeeb41453b09b186480be90f2ff357613b988e99fabb91d2eeceba1",
    "https://deno.land/std@0.175.0/fmt/colors.ts": "938c5d44d889fb82eff6c358bea8baa7e85950a16c9f6dae3ec3a7a729164471",
    "https://deno.land/std@0.175.0/fs/_util.ts": "65381f341af1ff7f40198cee15c20f59951ac26e51ddc651c5293e24f9ce6f32",
    "https://deno.land/std@0.175.0/fs/ensure_dir.ts": "724209875497a6b4628dfb256116e5651c4f7816741368d6c44aab2531a1e603",
    "https://deno.land/std@0.175.0/http/server.ts": "cbb17b594651215ba95c01a395700684e569c165a567e4e04bba327f41197433",
    "https://deno.land/std@0.175.0/path/_constants.ts": "e49961f6f4f48039c0dfed3c3f93e963ca3d92791c9d478ac5b43183413136e0",
    "https://deno.land/std@0.175.0/path/_interface.ts": "6471159dfbbc357e03882c2266d21ef9afdb1e4aa771b0545e90db58a0ba314b",
    "https://deno.land/std@0.175.0/path/_util.ts": "d7abb1e0dea065f427b89156e28cdeb32b045870acdf865833ba808a73b576d0",
    "https://deno.land/std@0.175.0/path/common.ts": "ee7505ab01fd22de3963b64e46cff31f40de34f9f8de1fff6a1bd2fe79380000",
    "https://deno.land/std@0.175.0/path/glob.ts": "d479e0a695621c94d3fd7fe7abd4f9499caf32a8de13f25073451c6ef420a4e1",
    "https://deno.land/std@0.175.0/path/mod.ts": "4b83694ac500d7d31b0cdafc927080a53dc0c3027eb2895790fb155082b0d232",
    "https://deno.land/std@0.175.0/path/posix.ts": "8b7c67ac338714b30c816079303d0285dd24af6b284f7ad63da5b27372a2c94d",
    "https://deno.land/std@0.175.0/path/separator.ts": "0fb679739d0d1d7bf45b68dacfb4ec7563597a902edbaf3c59b50d5bcadd93b1",
    "https://deno.land/std@0.175.0/path/win32.ts": "d186344e5583bcbf8b18af416d13d82b35a317116e6460a5a3953508c3de5bba",
    "https://deno.land/x/aleph@1.0.0-beta.23/runtime/core/error.ts": "65b0dfaef2e8a77f857fdb6b953c4306d88af01690615bd8fb1a3570e336b255",
    "https://deno.land/x/aleph@1.0.0-beta.23/runtime/core/events.ts": "0a01a394433d30d49b7be9e17f43e3dda84d4086764ea3c81b890c8433f80cc3",
    "https://deno.land/x/aleph@1.0.0-beta.23/runtime/core/redirect.ts": "2f9b647873632e2a9f8f44139d4242a4c7dba7f3f6481ca231997d92539c6efb",
    "https://deno.land/x/aleph@1.0.0-beta.23/runtime/core/routes.ts": "bc733120cca00d8326dcae4035d23f3092fde48f5d7a2af2cee06608fecb905b",
    "https://deno.land/x/aleph@1.0.0-beta.23/runtime/core/url_pattern.ts": "d218c6fe81646adb0dc164b7515a4eff959f4b64b975bfc2ee7696cb0864a3a3",
    "https://deno.land/x/aleph@1.0.0-beta.23/runtime/react/context.ts": "1c4e1af0ea54fac223c3a1069857b0242ca4ee659135aba28571beb2cf99f523",
    "https://deno.land/x/aleph@1.0.0-beta.23/runtime/react/data.ts": "ecbeaf880c8806703c20cd2791273cc1c63ed5a0a7dc3d3b47849322710642a8",
    "https://deno.land/x/aleph@1.0.0-beta.23/runtime/react/error.ts": "b5c784b1a3fac7d550b82780dd5ba4ff8d64a1293559ec7ec702e2905a4915a2",
    "https://deno.land/x/aleph@1.0.0-beta.23/runtime/react/head.ts": "0bb40ded9a5e83371c6d43f6e3ecb6b506ce9b2eb9e2b13d6a4a86f62f269efa",
    "https://deno.land/x/aleph@1.0.0-beta.23/runtime/react/link.ts": "a84e6fd120d6188d980fccf3844af61b1ae33e34ccc6e3fa608a5d69ac1cc8d1",
    "https://deno.land/x/aleph@1.0.0-beta.23/runtime/react/mod.ts": "c7f77b0481dc6d46a33046bb4de91e25048f98e9bfedf35ab107c6d6b745d9f4",
    "https://deno.land/x/aleph@1.0.0-beta.23/runtime/react/portal.ts": "21929fce7d28ff636d42f81c03ae380b41cd6affde445a7e577ab0c2ab18b4d2",
    "https://deno.land/x/aleph@1.0.0-beta.23/runtime/react/router.ts": "dbbb2c0bbfc13d4c044e8547b24d0f89aab4194590c924adb2227fb5aa9940ac",
    "https://deno.land/x/aleph@1.0.0-beta.23/runtime/react/server.ts": "8c41604b3f009090d6a8b057435a7c8a49128773a0dc3763f1a39ec7164d0bfb",
    "https://deno.land/x/aleph@1.0.0-beta.23/server/build.ts": "952485bd4e5ae944fe4f24b96b9e6dba46043655a90f95086eb66406b8eb4402",
    "https://deno.land/x/aleph@1.0.0-beta.23/server/cache.ts": "6e91307ade2cd39fbdae349f90afaa40ccccd2cba542ce5d6f5de74fbb538385",
    "https://deno.land/x/aleph@1.0.0-beta.23/server/context.ts": "750171da7d1e19d33d60b46abfa22ba55385f497fa838cab164241f6a767455f",
    "https://deno.land/x/aleph@1.0.0-beta.23/server/deps.ts": "4c786a626dc8666be5685311fc77a2a10660ba9a4b181b983bc46a7afeee1c7f",
    "https://deno.land/x/aleph@1.0.0-beta.23/server/dev.ts": "40149ce7451d1840c764e4aa02c5ed7f731acc06d5bd3a595cca31a039942545",
    "https://deno.land/x/aleph@1.0.0-beta.23/server/graph.ts": "15ca091aab1e06bef77508ce50c6010fe4e8d41653fba9529f9116657173d607",
    "https://deno.land/x/aleph@1.0.0-beta.23/server/handler.ts": "0da41e8ef73f381d37c4ec89518d179cf86dd18162d18755a99717be4d1e36bf",
    "https://deno.land/x/aleph@1.0.0-beta.23/server/helpers.ts": "cb86c32f3d69c96596568b7c6eb66ba85896088d5391f30f65914d3e48aa3b59",
    "https://deno.land/x/aleph@1.0.0-beta.23/server/html.ts": "7f2318fa37e6f1be1b52f5b87e0443e271a69d0fe9ef5ab9c66287da5db11591",
    "https://deno.land/x/aleph@1.0.0-beta.23/server/log.ts": "8a00b59545db66f46c9d1b95a928cf477a6bf86d3563eb08b0eb6f8957379db0",
    "https://deno.land/x/aleph@1.0.0-beta.23/server/media_type.ts": "ef98a233ae8be1928e9899f2f2ca14b91b0423bc6127c7da1e4c97c696eb4639",
    "https://deno.land/x/aleph@1.0.0-beta.23/server/mod.ts": "3bc628f4d7035c52c21c54d26f3909d5639758290311e9280f7d5f16bb0b36c1",
    "https://deno.land/x/aleph@1.0.0-beta.23/server/renderer.ts": "2d2471f02d94518b44c6e735ca24715ba96f75ece9d53b8e193a11c1899b7f99",
    "https://deno.land/x/aleph@1.0.0-beta.23/server/routing.ts": "2164b3dbb1b9725d47e240fe2dd2ac75b7af6732c8c7ae49e1148d31cfc747fb",
    "https://deno.land/x/aleph@1.0.0-beta.23/server/session.ts": "706fa74f6affa0af0daa61cf812b9a959d25629c8efd3d572e6afb7549e2a9d7",
    "https://deno.land/x/aleph@1.0.0-beta.23/server/transformer.ts": "7f9ded2dff94a901c70366047309435885ac2ac258e7427116b21227034094af",
    "https://deno.land/x/aleph@1.0.0-beta.23/server/types.ts": "e3fbc50ad8ff5b14b22a2f3a9dc59f9f957c5d9f66a90dab0e03201cc560d562",
    "https://deno.land/x/aleph@1.0.0-beta.23/server/unocss.ts": "3da6e58c168ea65f2dcad34b6ef41fc9ff8820cefdabf8f2d9fdc96a488ee508",
    "https://deno.land/x/aleph@1.0.0-beta.23/shared/util.ts": "f1d939fd58696daede13cd2c63b56b670a69a9ad1913343af9063494d9f63a20",
    "https://deno.land/x/aleph@1.0.0-beta.23/types.d.ts": "d65f0962822a86fafea3ab1962a6dfdbedf2916384c840d983dfe2de90638cbd",
    "https://deno.land/x/aleph@1.0.0-beta.23/version.ts": "e5cdabcca81cc7714aee54ae2711d8b128e976886e9136a46ff98f5b92ae988b",
    "https://deno.land/x/aleph_compiler@0.8.5/dist/compiler.js": "8bff2b240a81c17e7fdc18ccba638a795f71089760f74c08ba1cee1754e553d1",
    "https://deno.land/x/aleph_compiler@0.8.5/dist/wasm.js": "56eb3615dbe4437a9139495402547f18c0c3dcf5b1327b8752bb269626ed6cad",
    "https://deno.land/x/aleph_compiler@0.8.5/mod.ts": "61ed4961abc66a9168c2b3b5f68c12cf5aed647d56a5bd25ee2fb19261c36f83",
    "https://deno.land/x/aleph_compiler@0.8.5/types.ts": "a2439491a0a96951954f31b74be25f34d9b7124215bd81bb2a30dd032dbc20f5",
    "https://deno.land/x/aleph_compiler@0.8.5/version.ts": "03f9c7001cb0cfca57c1c2d0981719bcad57e862d9d08683f84286473cd6e371",
    "https://deno.land/x/denoflate@1.2.1/mod.ts": "f5628e44b80b3d80ed525afa2ba0f12408e3849db817d47a883b801f9ce69dd6",
    "https://deno.land/x/denoflate@1.2.1/pkg/denoflate.js": "b9f9ad9457d3f12f28b1fb35c555f57443427f74decb403113d67364e4f2caf4",
    "https://deno.land/x/denoflate@1.2.1/pkg/denoflate_bg.wasm.js": "d581956245407a2115a3d7e8d85a9641c032940a8e810acbd59ca86afd34d44d",
    "https://deno.land/x/esbuild@v0.17.10/mod.d.ts": "dc279a3a46f084484453e617c0cabcd5b8bd1920c0e562e4ea02dfc828c8f968",
    "https://deno.land/x/esbuild@v0.17.10/mod.js": "f487af105d1f3496a19d192a78dcbfafc56297908a2ad06d4ec9a29d65991cad",
    "https://deno.land/x/jsonc_parser@v0.0.1/src/jsonc.ts": "cb14bdf3b0a7fcd2129b3b2a21d7943096781b7ca6f82781c180c006a35a9599",
    "https://deno.land/x/lol_html@0.0.6/lol_html.js": "efa396ae3506f40d81af8917b2a04c955550f738774e5ba5e3d2f9b10bb3bd02",
    "https://deno.land/x/lol_html@0.0.6/mod.ts": "308001155134d2b3d65f55d25eada007c88aa01b5c4866ac02c59953c83563f2",
    "https://deno.land/x/lol_html@0.0.6/types.d.ts": "bf06e1f27f776389334d001992d1e3efe3a335b4688e2c3ca39e307d2ae11cc4",
    "https://deno.land/x/lol_html@0.0.6/wasm.js": "74a2424ff8f77439c465e5bcac6a347095c3b3580e76211ce4a6c140a2e15c3f",
    "https://esm.sh/@unocss/core@0.49.7": "0b1c5b0f60098de0128c30ea25e753d525a4c1190b6c726a62cdc100e248119a",
    "https://esm.sh/@unocss/preset-uno@0.49.7": "7cf8deb2eeb4211beea70cd8a45dc134ec9c2acc5a9874e9333ee6adee7c8e84",
    "https://esm.sh/mitt@3.0.0": "a9ee25e68877d1cf180c54f414608d1fa16463ddc9fd7835a62c88f877b21039",
    "https://esm.sh/react-dom@18.2.0/server": "b3f3c9c56e10ba8581a2a193a7b3ab0f98d71df7a4dabde1606651cbf83b83db",
    "https://esm.sh/react@18.2.0": "84aa07282d2f3c843f7d56daeae0be41ceae768391c4418f7358dd64e8fe4eca",
    "https://esm.sh/react@18.2.0/jsx-runtime": "8e5e22ae56773ef989a95772b9b9f6d4e5d7891f2d20875c25e51015df018f7c",
    "https://esm.sh/stable/react@18.2.0/deno/jsx-runtime.js": "4f0af3ce145cdcac00e75bea66889f321aa1d0c63714ae71986a6540f881fe04",
    "https://esm.sh/stable/react@18.2.0/deno/react.js": "0113c672572d23a90490f1b03731866a18bbbfe2ab4ff8e52c2e91b60c4188f0",
    "https://esm.sh/v107/@antfu/utils@0.5.2/index.d.ts": "b55dd2eb5ced2eec9fbac96be6fe8d5c30cb9fd875fd47f711882c7e3c2a857d",
    "https://esm.sh/v107/@types/prop-types@15.7.5/index.d.ts": "6a386ff939f180ae8ef064699d8b7b6e62bc2731a62d7fbf5e02589383838dea",
    "https://esm.sh/v107/@types/react-dom@18.0.11/server~.d.ts": "3e6a5c40508e5c4aaa18eccf45a2b1c4a158249eb8d30a76bd9c63c2fdfa59bf",
    "https://esm.sh/v107/@types/react@18.0.26/global.d.ts": "bbdf156fea2fabed31a569445835aeedcc33643d404fcbaa54541f06c109df3f",
    "https://esm.sh/v107/@types/react@18.0.26/index.d.ts": "9b4ff9dec5bc48dcf387e876475e85da23c2b3f3957b8731cf10a0600cd46dcd",
    "https://esm.sh/v107/@types/react@18.0.26/jsx-runtime~.d.ts": "7efb28f322f647d652575b99e1d9cda1af17e93bdf6f649cc5d0a8527fc75324",
    "https://esm.sh/v107/@types/react@18.0.28/global.d.ts": "bbdf156fea2fabed31a569445835aeedcc33643d404fcbaa54541f06c109df3f",
    "https://esm.sh/v107/@types/react@18.0.28/index.d.ts": "9b4ff9dec5bc48dcf387e876475e85da23c2b3f3957b8731cf10a0600cd46dcd",
    "https://esm.sh/v107/@types/scheduler@0.16.2/tracing.d.ts": "f5a8b384f182b3851cec3596ccc96cb7464f8d3469f48c74bf2befb782a19de5",
    "https://esm.sh/v107/@unocss/core@0.49.7/deno/core.js": "f65899138d10641ab04088a1169ea3f76675242e04fa740d01ed0e59417b0913",
    "https://esm.sh/v107/@unocss/core@0.49.7/dist/index.d.ts": "ec8a324f21e96aaedb4c1b108b9ae4dcdff64d5fa5e243b45a1eefd2ea065b2d",
    "https://esm.sh/v107/@unocss/preset-mini@0.49.7/deno/preset-mini.js": "2aee024445632cf99c612523d74d0bd0ea38ead64ff5a311157d0ffe0318b6ca",
    "https://esm.sh/v107/@unocss/preset-mini@0.49.7/deno/rules.js": "151096153149074052fac5b64cdb5a12e7ec4275c7a0a44fbae84fde0122de10",
    "https://esm.sh/v107/@unocss/preset-mini@0.49.7/deno/theme.js": "95e0eebf3d4fbe0e5285927eb8a61d81bb07732a1805b43f0cd7f0e1f0a9f0af",
    "https://esm.sh/v107/@unocss/preset-mini@0.49.7/deno/utils.js": "ed0c6eaf140b8df59a0393d9a33ebc8e6bfce947c39847ec0add6c478d8c0656",
    "https://esm.sh/v107/@unocss/preset-mini@0.49.7/deno/variants.js": "6b8ffb0141c822b74bdfba81e733ae7c4dd3d7425ca3150a278930e82b07e635",
    "https://esm.sh/v107/@unocss/preset-mini@0.49.7/dist/colors-b217808a.d.ts": "dc88cbe27094b78f87eae1272dab61c78b5a99020932176a8104260417dd1a3c",
    "https://esm.sh/v107/@unocss/preset-mini@0.49.7/dist/default-344896b2.d.ts": "5ff37f35b12661de450ea190cf4555c214c69a497dd4195a328cdf55d92da0bf",
    "https://esm.sh/v107/@unocss/preset-mini@0.49.7/dist/index.d.ts": "cbb632942a0886b070dd92b988d24c90edc9974c1f3fbf190ff589a894c88da4",
    "https://esm.sh/v107/@unocss/preset-mini@0.49.7/dist/types-fa74508f.d.ts": "efe97d6b184366beeb570c6d0f6256b6c139f60a782874197951574fae86345c",
    "https://esm.sh/v107/@unocss/preset-mini@0.49.7/dist/utilities-d2f973f4.d.ts": "6900800b361d2c51ebb74465a9693e283c990d61fc4a83a683512ba72c155a8c",
    "https://esm.sh/v107/@unocss/preset-uno@0.49.7/deno/preset-uno.js": "9d855d5c943386f4b33f962bf6c6d6f14ed81dba31d08bab83483d0edc115f3f",
    "https://esm.sh/v107/@unocss/preset-uno@0.49.7/dist/index.d.ts": "3b2b8aff162dd29cd7b8999ed42071684e2bc7775a505315659743e2b32250b0",
    "https://esm.sh/v107/@unocss/preset-wind@0.49.7/deno/preset-wind.js": "820d9dc2900c346cdc013f44ca8e69a32eed92ae2e0c85378d18b8d13f9d0843",
    "https://esm.sh/v107/csstype@3.1.1/index.d.ts": "1c29793071152b207c01ea1954e343be9a44d85234447b2b236acae9e709a383",
    "https://esm.sh/v107/magic-string@0.29.0/index.d.ts": "edd85e0f26d6e99632a4bc237c27ca614dc41b4e33a8cc1c948934817343efb0",
    "https://esm.sh/v107/mitt@3.0.0/deno/mitt.js": "a53bd477c1b4445ef0e87a1b4f66124bee301ff5351f85e76689415f3bf6b007",
    "https://esm.sh/v107/mitt@3.0.0/index.d.ts": "d078b49194156918c4adfe4f0e2da2f2d5bfb0fe92539c9437d453a2fe68dd01",
    "https://esm.sh/v107/react-dom@18.2.0/deno/server.js": "856a38f0fc1dd4c3c2a3432d88fbaf29da15eef3155c0cb8ea8de1febe13b197",
    "https://esm.sh/v107/unconfig@0.3.7/dist/index.d.ts": "35e0d2e591e67023c324f1825febf607f1c8ef64b545c8b3388c0a396a103f85",
    "https://esm.sh/v107/unconfig@0.3.7/dist/types-6886c41e.d.ts": "285c546c99d6893495a07cf37156ca3d1969540f335882d172419b9e0797a656"
  }
}
